// !$*UTF8*$!
{
	archiveVersion = 1;
	classes = {
	};
	objectVersion = 70;
	objects = {

/* Begin PBXBuildFile section */
		5501FD512CB0378C0029386D /* Constants.swift in Sources */ = {isa = PBXBuildFile; fileRef = 5501FD502CB037870029386D /* Constants.swift */; };
		550FD8F72CCD133600D1987B /* ProgressHUD in Frameworks */ = {isa = PBXBuildFile; productRef = 550FD8F62CCD133600D1987B /* ProgressHUD */; };
		551514912C88B2D5008D4F87 /* AppDelegate.swift in Sources */ = {isa = PBXBuildFile; fileRef = 551514902C88B2D5008D4F87 /* AppDelegate.swift */; };
		551514932C88B2D5008D4F87 /* SceneDelegate.swift in Sources */ = {isa = PBXBuildFile; fileRef = 551514922C88B2D5008D4F87 /* SceneDelegate.swift */; };
		551514952C88B2D5008D4F87 /* ImagesListViewController.swift in Sources */ = {isa = PBXBuildFile; fileRef = 551514942C88B2D5008D4F87 /* ImagesListViewController.swift */; };
		551514982C88B2D5008D4F87 /* Base in Resources */ = {isa = PBXBuildFile; fileRef = 551514972C88B2D5008D4F87 /* Base */; };
		5515149A2C88B2D7008D4F87 /* Assets.xcassets in Resources */ = {isa = PBXBuildFile; fileRef = 551514992C88B2D7008D4F87 /* Assets.xcassets */; };
		5515149D2C88B2D7008D4F87 /* Base in Resources */ = {isa = PBXBuildFile; fileRef = 5515149C2C88B2D7008D4F87 /* Base */; };
		55223FE42C8F7B2F009B64E1 /* ImagesListCell.swift in Sources */ = {isa = PBXBuildFile; fileRef = 55223FE32C8F7B2F009B64E1 /* ImagesListCell.swift */; };
		555B61122CBC2F3F00D9217F /* OAuth2Service.swift in Sources */ = {isa = PBXBuildFile; fileRef = 555B61112CBC2F3F00D9217F /* OAuth2Service.swift */; };
		555B61172CBC3F3E00D9217F /* URLSession+data.swift in Sources */ = {isa = PBXBuildFile; fileRef = 555B61162CBC3F3E00D9217F /* URLSession+data.swift */; };
		555B611A2CBC46D600D9217F /* OAuthTokenResponseBody.swift in Sources */ = {isa = PBXBuildFile; fileRef = 555B61192CBC46D600D9217F /* OAuthTokenResponseBody.swift */; };
		5563C0092CCFDF10000870D8 /* ProfileService.swift in Sources */ = {isa = PBXBuildFile; fileRef = 5563C0082CCFDF10000870D8 /* ProfileService.swift */; };
		5563C00B2CCFDFBC000870D8 /* ProfileResult.swift in Sources */ = {isa = PBXBuildFile; fileRef = 5563C00A2CCFDFBC000870D8 /* ProfileResult.swift */; };
		5563C00D2CCFE560000870D8 /* Profile.swift in Sources */ = {isa = PBXBuildFile; fileRef = 5563C00C2CCFE560000870D8 /* Profile.swift */; };
		558F909B2C999B6700068D51 /* SingleImageViewController.swift in Sources */ = {isa = PBXBuildFile; fileRef = 558F909A2C999B6700068D51 /* SingleImageViewController.swift */; };
		559C127A2CD4ED9A006A255C /* ProfileImageService.swift in Sources */ = {isa = PBXBuildFile; fileRef = 559C12792CD4ED9A006A255C /* ProfileImageService.swift */; };
		559C127C2CD4EE59006A255C /* UserResult.swift in Sources */ = {isa = PBXBuildFile; fileRef = 559C127B2CD4EE59006A255C /* UserResult.swift */; };
		559C12812CD53E04006A255C /* AlertPresenter.swift in Sources */ = {isa = PBXBuildFile; fileRef = 559C12802CD53E04006A255C /* AlertPresenter.swift */; };
		559C12832CD53E45006A255C /* AlertPresenterProtocol.swift in Sources */ = {isa = PBXBuildFile; fileRef = 559C12822CD53E45006A255C /* AlertPresenterProtocol.swift */; };
		559C12852CD53EAD006A255C /* AlertModel.swift in Sources */ = {isa = PBXBuildFile; fileRef = 559C12842CD53EAD006A255C /* AlertModel.swift */; };
		55A121BE2CDA597700F2000A /* Kingfisher in Frameworks */ = {isa = PBXBuildFile; productRef = 55A121BD2CDA597700F2000A /* Kingfisher */; };
		55A121CD2CDBC45A00F2000A /* SwiftKeychainWrapper in Frameworks */ = {isa = PBXBuildFile; productRef = 55A121CC2CDBC45A00F2000A /* SwiftKeychainWrapper */; };
		55A2BE8A2CDBCA33001ED19C /* SecureDataManager.swift in Sources */ = {isa = PBXBuildFile; fileRef = 55A2BE892CDBCA33001ED19C /* SecureDataManager.swift */; };
		55E67C5F2CCEB94800DF980E /* UIBlockingProgressHUD.swift in Sources */ = {isa = PBXBuildFile; fileRef = 55E67C5E2CCEB94800DF980E /* UIBlockingProgressHUD.swift */; };
		55E89FFD2C94B19B00ED81C4 /* ProfileViewController.swift in Sources */ = {isa = PBXBuildFile; fileRef = 55E89FFC2C94B19B00ED81C4 /* ProfileViewController.swift */; };
/* End PBXBuildFile section */

/* Begin PBXFileReference section */
		5501FD502CB037870029386D /* Constants.swift */ = {isa = PBXFileReference; lastKnownFileType = sourcecode.swift; path = Constants.swift; sourceTree = "<group>"; };
		5515148D2C88B2D5008D4F87 /* ImageFeed.app */ = {isa = PBXFileReference; explicitFileType = wrapper.application; includeInIndex = 0; path = ImageFeed.app; sourceTree = BUILT_PRODUCTS_DIR; };
		551514902C88B2D5008D4F87 /* AppDelegate.swift */ = {isa = PBXFileReference; lastKnownFileType = sourcecode.swift; path = AppDelegate.swift; sourceTree = "<group>"; };
		551514922C88B2D5008D4F87 /* SceneDelegate.swift */ = {isa = PBXFileReference; lastKnownFileType = sourcecode.swift; path = SceneDelegate.swift; sourceTree = "<group>"; };
		551514942C88B2D5008D4F87 /* ImagesListViewController.swift */ = {isa = PBXFileReference; lastKnownFileType = sourcecode.swift; path = ImagesListViewController.swift; sourceTree = "<group>"; };
		551514972C88B2D5008D4F87 /* Base */ = {isa = PBXFileReference; lastKnownFileType = file.storyboard; name = Base; path = Base.lproj/Main.storyboard; sourceTree = "<group>"; };
		551514992C88B2D7008D4F87 /* Assets.xcassets */ = {isa = PBXFileReference; lastKnownFileType = folder.assetcatalog; path = Assets.xcassets; sourceTree = "<group>"; };
		5515149C2C88B2D7008D4F87 /* Base */ = {isa = PBXFileReference; lastKnownFileType = file.storyboard; name = Base; path = Base.lproj/LaunchScreen.storyboard; sourceTree = "<group>"; };
		5515149E2C88B2D7008D4F87 /* Info.plist */ = {isa = PBXFileReference; lastKnownFileType = text.plist.xml; path = Info.plist; sourceTree = "<group>"; };
		55223FE32C8F7B2F009B64E1 /* ImagesListCell.swift */ = {isa = PBXFileReference; lastKnownFileType = sourcecode.swift; path = ImagesListCell.swift; sourceTree = "<group>"; };
		555B61112CBC2F3F00D9217F /* OAuth2Service.swift */ = {isa = PBXFileReference; lastKnownFileType = sourcecode.swift; path = OAuth2Service.swift; sourceTree = "<group>"; };
		555B61162CBC3F3E00D9217F /* URLSession+data.swift */ = {isa = PBXFileReference; lastKnownFileType = sourcecode.swift; path = "URLSession+data.swift"; sourceTree = "<group>"; };
		555B61192CBC46D600D9217F /* OAuthTokenResponseBody.swift */ = {isa = PBXFileReference; lastKnownFileType = sourcecode.swift; path = OAuthTokenResponseBody.swift; sourceTree = "<group>"; };
		5563C0082CCFDF10000870D8 /* ProfileService.swift */ = {isa = PBXFileReference; lastKnownFileType = sourcecode.swift; path = ProfileService.swift; sourceTree = "<group>"; };
		5563C00A2CCFDFBC000870D8 /* ProfileResult.swift */ = {isa = PBXFileReference; lastKnownFileType = sourcecode.swift; path = ProfileResult.swift; sourceTree = "<group>"; };
		5563C00C2CCFE560000870D8 /* Profile.swift */ = {isa = PBXFileReference; lastKnownFileType = sourcecode.swift; path = Profile.swift; sourceTree = "<group>"; };
		558F909A2C999B6700068D51 /* SingleImageViewController.swift */ = {isa = PBXFileReference; lastKnownFileType = sourcecode.swift; path = SingleImageViewController.swift; sourceTree = "<group>"; };
		559C12792CD4ED9A006A255C /* ProfileImageService.swift */ = {isa = PBXFileReference; lastKnownFileType = sourcecode.swift; path = ProfileImageService.swift; sourceTree = "<group>"; };
		559C127B2CD4EE59006A255C /* UserResult.swift */ = {isa = PBXFileReference; lastKnownFileType = sourcecode.swift; path = UserResult.swift; sourceTree = "<group>"; };
		559C12802CD53E04006A255C /* AlertPresenter.swift */ = {isa = PBXFileReference; lastKnownFileType = sourcecode.swift; path = AlertPresenter.swift; sourceTree = "<group>"; };
		559C12822CD53E45006A255C /* AlertPresenterProtocol.swift */ = {isa = PBXFileReference; lastKnownFileType = sourcecode.swift; path = AlertPresenterProtocol.swift; sourceTree = "<group>"; };
		559C12842CD53EAD006A255C /* AlertModel.swift */ = {isa = PBXFileReference; lastKnownFileType = sourcecode.swift; path = AlertModel.swift; sourceTree = "<group>"; };
		55A2BE892CDBCA33001ED19C /* SecureDataManager.swift */ = {isa = PBXFileReference; lastKnownFileType = sourcecode.swift; path = SecureDataManager.swift; sourceTree = "<group>"; };
		55E67C5E2CCEB94800DF980E /* UIBlockingProgressHUD.swift */ = {isa = PBXFileReference; lastKnownFileType = sourcecode.swift; path = UIBlockingProgressHUD.swift; sourceTree = "<group>"; };
		55E89FFC2C94B19B00ED81C4 /* ProfileViewController.swift */ = {isa = PBXFileReference; lastKnownFileType = sourcecode.swift; path = ProfileViewController.swift; sourceTree = "<group>"; };
/* End PBXFileReference section */

/* Begin PBXFileSystemSynchronizedRootGroup section */
		55DDA8522CB5941D002EA64D /* Auth */ = {isa = PBXFileSystemSynchronizedRootGroup; explicitFileTypes = {}; explicitFolders = (); path = Auth; sourceTree = "<group>"; };
		55DFA6752CC54E1600E85C3A /* Splash */ = {isa = PBXFileSystemSynchronizedRootGroup; explicitFileTypes = {}; explicitFolders = (); path = Splash; sourceTree = "<group>"; };
/* End PBXFileSystemSynchronizedRootGroup section */

/* Begin PBXFrameworksBuildPhase section */
		5515148A2C88B2D5008D4F87 /* Frameworks */ = {
			isa = PBXFrameworksBuildPhase;
			buildActionMask = 2147483647;
			files = (
				55A121BE2CDA597700F2000A /* Kingfisher in Frameworks */,
				550FD8F72CCD133600D1987B /* ProgressHUD in Frameworks */,
				55A121CD2CDBC45A00F2000A /* SwiftKeychainWrapper in Frameworks */,
			);
			runOnlyForDeploymentPostprocessing = 0;
		};
/* End PBXFrameworksBuildPhase section */

/* Begin PBXGroup section */
		551514842C88B2D5008D4F87 = {
			isa = PBXGroup;
			children = (
				5515148F2C88B2D5008D4F87 /* ImageFeed */,
				5515148E2C88B2D5008D4F87 /* Products */,
			);
			sourceTree = "<group>";
		};
		5515148E2C88B2D5008D4F87 /* Products */ = {
			isa = PBXGroup;
			children = (
				5515148D2C88B2D5008D4F87 /* ImageFeed.app */,
			);
			name = Products;
			sourceTree = "<group>";
		};
		5515148F2C88B2D5008D4F87 /* ImageFeed */ = {
			isa = PBXGroup;
			children = (
				559C127F2CD53DEE006A255C /* AlertPresenter */,
				551514902C88B2D5008D4F87 /* AppDelegate.swift */,
				551514922C88B2D5008D4F87 /* SceneDelegate.swift */,
				5501FD502CB037870029386D /* Constants.swift */,
				555B61222CBC483A00D9217F /* Helpers */,
				555B611B2CBC47D100D9217F /* Services */,
				555B61182CBC46AF00D9217F /* Models */,
				55DDA8522CB5941D002EA64D /* Auth */,
				55DFA6752CC54E1600E85C3A /* Splash */,
				558F90992C999B5300068D51 /* SingleImage */,
				55E89FFB2C94B17F00ED81C4 /* Profile */,
				55223FE52C8F7B6C009B64E1 /* ImagesList */,
				551514962C88B2D5008D4F87 /* Main.storyboard */,
				551514992C88B2D7008D4F87 /* Assets.xcassets */,
				5515149B2C88B2D7008D4F87 /* LaunchScreen.storyboard */,
				5515149E2C88B2D7008D4F87 /* Info.plist */,
			);
			path = ImageFeed;
			sourceTree = "<group>";
		};
		55223FE52C8F7B6C009B64E1 /* ImagesList */ = {
			isa = PBXGroup;
			children = (
				551514942C88B2D5008D4F87 /* ImagesListViewController.swift */,
				55223FE32C8F7B2F009B64E1 /* ImagesListCell.swift */,
			);
			path = ImagesList;
			sourceTree = "<group>";
		};
		555B61182CBC46AF00D9217F /* Models */ = {
			isa = PBXGroup;
			children = (
				555B61192CBC46D600D9217F /* OAuthTokenResponseBody.swift */,
				5563C00A2CCFDFBC000870D8 /* ProfileResult.swift */,
				5563C00C2CCFE560000870D8 /* Profile.swift */,
				559C127B2CD4EE59006A255C /* UserResult.swift */,
				559C12842CD53EAD006A255C /* AlertModel.swift */,
			);
			path = Models;
			sourceTree = "<group>";
		};
		555B611B2CBC47D100D9217F /* Services */ = {
			isa = PBXGroup;
			children = (
				555B61112CBC2F3F00D9217F /* OAuth2Service.swift */,
				5563C0082CCFDF10000870D8 /* ProfileService.swift */,
				559C12792CD4ED9A006A255C /* ProfileImageService.swift */,
			);
			path = Services;
			sourceTree = "<group>";
		};
		555B61222CBC483A00D9217F /* Helpers */ = {
			isa = PBXGroup;
			children = (
				555B61162CBC3F3E00D9217F /* URLSession+data.swift */,
				55E67C5E2CCEB94800DF980E /* UIBlockingProgressHUD.swift */,
				55A2BE892CDBCA33001ED19C /* SecureDataManager.swift */,
			);
			path = Helpers;
			sourceTree = "<group>";
		};
		558F90992C999B5300068D51 /* SingleImage */ = {
			isa = PBXGroup;
			children = (
				558F909A2C999B6700068D51 /* SingleImageViewController.swift */,
			);
			path = SingleImage;
			sourceTree = "<group>";
		};
		559C127F2CD53DEE006A255C /* AlertPresenter */ = {
			isa = PBXGroup;
			children = (
				559C12802CD53E04006A255C /* AlertPresenter.swift */,
				559C12822CD53E45006A255C /* AlertPresenterProtocol.swift */,
			);
			path = AlertPresenter;
			sourceTree = "<group>";
		};
		55E89FFB2C94B17F00ED81C4 /* Profile */ = {
			isa = PBXGroup;
			children = (
				55E89FFC2C94B19B00ED81C4 /* ProfileViewController.swift */,
			);
			path = Profile;
			sourceTree = "<group>";
		};
/* End PBXGroup section */

/* Begin PBXNativeTarget section */
		5515148C2C88B2D5008D4F87 /* ImageFeed */ = {
			isa = PBXNativeTarget;
			buildConfigurationList = 551514A12C88B2D7008D4F87 /* Build configuration list for PBXNativeTarget "ImageFeed" */;
			buildPhases = (
				551514892C88B2D5008D4F87 /* Sources */,
				5515148A2C88B2D5008D4F87 /* Frameworks */,
				5515148B2C88B2D5008D4F87 /* Resources */,
			);
			buildRules = (
			);
			dependencies = (
			);
			fileSystemSynchronizedGroups = (
				55DDA8522CB5941D002EA64D /* Auth */,
				55DFA6752CC54E1600E85C3A /* Splash */,
			);
			name = ImageFeed;
			productName = ImageFeed;
			productReference = 5515148D2C88B2D5008D4F87 /* ImageFeed.app */;
			productType = "com.apple.product-type.application";
		};
/* End PBXNativeTarget section */

/* Begin PBXProject section */
		551514852C88B2D5008D4F87 /* Project object */ = {
			isa = PBXProject;
			attributes = {
				BuildIndependentTargetsInParallel = 1;
				LastSwiftUpdateCheck = 1540;
				LastUpgradeCheck = 1540;
				TargetAttributes = {
					5515148C2C88B2D5008D4F87 = {
						CreatedOnToolsVersion = 15.4;
					};
				};
			};
			buildConfigurationList = 551514882C88B2D5008D4F87 /* Build configuration list for PBXProject "ImageFeed" */;
			compatibilityVersion = "Xcode 14.0";
			developmentRegion = en;
			hasScannedForEncodings = 0;
			knownRegions = (
				en,
				Base,
			);
			mainGroup = 551514842C88B2D5008D4F87;
			packageReferences = (
				550FD8F52CCD133600D1987B /* XCRemoteSwiftPackageReference "ProgressHUD" */,
				55A121BC2CDA597600F2000A /* XCRemoteSwiftPackageReference "Kingfisher" */,
				55A121CB2CDBC45A00F2000A /* XCRemoteSwiftPackageReference "SwiftKeychainWrapper" */,
			);
			productRefGroup = 5515148E2C88B2D5008D4F87 /* Products */;
			projectDirPath = "";
			projectRoot = "";
			targets = (
				5515148C2C88B2D5008D4F87 /* ImageFeed */,
			);
		};
/* End PBXProject section */

/* Begin PBXResourcesBuildPhase section */
		5515148B2C88B2D5008D4F87 /* Resources */ = {
			isa = PBXResourcesBuildPhase;
			buildActionMask = 2147483647;
			files = (
				5515149A2C88B2D7008D4F87 /* Assets.xcassets in Resources */,
				5515149D2C88B2D7008D4F87 /* Base in Resources */,
				551514982C88B2D5008D4F87 /* Base in Resources */,
			);
			runOnlyForDeploymentPostprocessing = 0;
		};
/* End PBXResourcesBuildPhase section */

/* Begin PBXSourcesBuildPhase section */
		551514892C88B2D5008D4F87 /* Sources */ = {
			isa = PBXSourcesBuildPhase;
			buildActionMask = 2147483647;
			files = (
				551514952C88B2D5008D4F87 /* ImagesListViewController.swift in Sources */,
				55A2BE8A2CDBCA33001ED19C /* SecureDataManager.swift in Sources */,
				555B61172CBC3F3E00D9217F /* URLSession+data.swift in Sources */,
				55223FE42C8F7B2F009B64E1 /* ImagesListCell.swift in Sources */,
				5501FD512CB0378C0029386D /* Constants.swift in Sources */,
				555B611A2CBC46D600D9217F /* OAuthTokenResponseBody.swift in Sources */,
				555B61122CBC2F3F00D9217F /* OAuth2Service.swift in Sources */,
				559C127C2CD4EE59006A255C /* UserResult.swift in Sources */,
				559C127A2CD4ED9A006A255C /* ProfileImageService.swift in Sources */,
				559C12852CD53EAD006A255C /* AlertModel.swift in Sources */,
				55E89FFD2C94B19B00ED81C4 /* ProfileViewController.swift in Sources */,
				5563C00D2CCFE560000870D8 /* Profile.swift in Sources */,
				551514912C88B2D5008D4F87 /* AppDelegate.swift in Sources */,
				558F909B2C999B6700068D51 /* SingleImageViewController.swift in Sources */,
				5563C0092CCFDF10000870D8 /* ProfileService.swift in Sources */,
				551514932C88B2D5008D4F87 /* SceneDelegate.swift in Sources */,
				5563C00B2CCFDFBC000870D8 /* ProfileResult.swift in Sources */,
				55E67C5F2CCEB94800DF980E /* UIBlockingProgressHUD.swift in Sources */,
				559C12812CD53E04006A255C /* AlertPresenter.swift in Sources */,
				559C12832CD53E45006A255C /* AlertPresenterProtocol.swift in Sources */,
			);
			runOnlyForDeploymentPostprocessing = 0;
		};
/* End PBXSourcesBuildPhase section */

/* Begin PBXVariantGroup section */
		551514962C88B2D5008D4F87 /* Main.storyboard */ = {
			isa = PBXVariantGroup;
			children = (
				551514972C88B2D5008D4F87 /* Base */,
			);
			name = Main.storyboard;
			sourceTree = "<group>";
		};
		5515149B2C88B2D7008D4F87 /* LaunchScreen.storyboard */ = {
			isa = PBXVariantGroup;
			children = (
				5515149C2C88B2D7008D4F87 /* Base */,
			);
			name = LaunchScreen.storyboard;
			sourceTree = "<group>";
		};
/* End PBXVariantGroup section */

/* Begin XCBuildConfiguration section */
		5515149F2C88B2D7008D4F87 /* Debug */ = {
			isa = XCBuildConfiguration;
			buildSettings = {
				ALWAYS_SEARCH_USER_PATHS = NO;
				ASSETCATALOG_COMPILER_GENERATE_SWIFT_ASSET_SYMBOL_EXTENSIONS = YES;
				CLANG_ANALYZER_NONNULL = YES;
				CLANG_ANALYZER_NUMBER_OBJECT_CONVERSION = YES_AGGRESSIVE;
				CLANG_CXX_LANGUAGE_STANDARD = "gnu++20";
				CLANG_ENABLE_MODULES = YES;
				CLANG_ENABLE_OBJC_ARC = YES;
				CLANG_ENABLE_OBJC_WEAK = YES;
				CLANG_WARN_BLOCK_CAPTURE_AUTORELEASING = YES;
				CLANG_WARN_BOOL_CONVERSION = YES;
				CLANG_WARN_COMMA = YES;
				CLANG_WARN_CONSTANT_CONVERSION = YES;
				CLANG_WARN_DEPRECATED_OBJC_IMPLEMENTATIONS = YES;
				CLANG_WARN_DIRECT_OBJC_ISA_USAGE = YES_ERROR;
				CLANG_WARN_DOCUMENTATION_COMMENTS = YES;
				CLANG_WARN_EMPTY_BODY = YES;
				CLANG_WARN_ENUM_CONVERSION = YES;
				CLANG_WARN_INFINITE_RECURSION = YES;
				CLANG_WARN_INT_CONVERSION = YES;
				CLANG_WARN_NON_LITERAL_NULL_CONVERSION = YES;
				CLANG_WARN_OBJC_IMPLICIT_RETAIN_SELF = YES;
				CLANG_WARN_OBJC_LITERAL_CONVERSION = YES;
				CLANG_WARN_OBJC_ROOT_CLASS = YES_ERROR;
				CLANG_WARN_QUOTED_INCLUDE_IN_FRAMEWORK_HEADER = YES;
				CLANG_WARN_RANGE_LOOP_ANALYSIS = YES;
				CLANG_WARN_STRICT_PROTOTYPES = YES;
				CLANG_WARN_SUSPICIOUS_MOVE = YES;
				CLANG_WARN_UNGUARDED_AVAILABILITY = YES_AGGRESSIVE;
				CLANG_WARN_UNREACHABLE_CODE = YES;
				CLANG_WARN__DUPLICATE_METHOD_MATCH = YES;
				COPY_PHASE_STRIP = NO;
				DEBUG_INFORMATION_FORMAT = dwarf;
				ENABLE_STRICT_OBJC_MSGSEND = YES;
				ENABLE_TESTABILITY = YES;
				ENABLE_USER_SCRIPT_SANDBOXING = YES;
				GCC_C_LANGUAGE_STANDARD = gnu17;
				GCC_DYNAMIC_NO_PIC = NO;
				GCC_NO_COMMON_BLOCKS = YES;
				GCC_OPTIMIZATION_LEVEL = 0;
				GCC_PREPROCESSOR_DEFINITIONS = (
					"DEBUG=1",
					"$(inherited)",
				);
				GCC_WARN_64_TO_32_BIT_CONVERSION = YES;
				GCC_WARN_ABOUT_RETURN_TYPE = YES_ERROR;
				GCC_WARN_UNDECLARED_SELECTOR = YES;
				GCC_WARN_UNINITIALIZED_AUTOS = YES_AGGRESSIVE;
				GCC_WARN_UNUSED_FUNCTION = YES;
				GCC_WARN_UNUSED_VARIABLE = YES;
				IPHONEOS_DEPLOYMENT_TARGET = 17.5;
				LOCALIZATION_PREFERS_STRING_CATALOGS = YES;
				MTL_ENABLE_DEBUG_INFO = INCLUDE_SOURCE;
				MTL_FAST_MATH = YES;
				ONLY_ACTIVE_ARCH = YES;
				SDKROOT = iphoneos;
				SWIFT_ACTIVE_COMPILATION_CONDITIONS = "DEBUG $(inherited)";
				SWIFT_OPTIMIZATION_LEVEL = "-Onone";
			};
			name = Debug;
		};
		551514A02C88B2D7008D4F87 /* Release */ = {
			isa = XCBuildConfiguration;
			buildSettings = {
				ALWAYS_SEARCH_USER_PATHS = NO;
				ASSETCATALOG_COMPILER_GENERATE_SWIFT_ASSET_SYMBOL_EXTENSIONS = YES;
				CLANG_ANALYZER_NONNULL = YES;
				CLANG_ANALYZER_NUMBER_OBJECT_CONVERSION = YES_AGGRESSIVE;
				CLANG_CXX_LANGUAGE_STANDARD = "gnu++20";
				CLANG_ENABLE_MODULES = YES;
				CLANG_ENABLE_OBJC_ARC = YES;
				CLANG_ENABLE_OBJC_WEAK = YES;
				CLANG_WARN_BLOCK_CAPTURE_AUTORELEASING = YES;
				CLANG_WARN_BOOL_CONVERSION = YES;
				CLANG_WARN_COMMA = YES;
				CLANG_WARN_CONSTANT_CONVERSION = YES;
				CLANG_WARN_DEPRECATED_OBJC_IMPLEMENTATIONS = YES;
				CLANG_WARN_DIRECT_OBJC_ISA_USAGE = YES_ERROR;
				CLANG_WARN_DOCUMENTATION_COMMENTS = YES;
				CLANG_WARN_EMPTY_BODY = YES;
				CLANG_WARN_ENUM_CONVERSION = YES;
				CLANG_WARN_INFINITE_RECURSION = YES;
				CLANG_WARN_INT_CONVERSION = YES;
				CLANG_WARN_NON_LITERAL_NULL_CONVERSION = YES;
				CLANG_WARN_OBJC_IMPLICIT_RETAIN_SELF = YES;
				CLANG_WARN_OBJC_LITERAL_CONVERSION = YES;
				CLANG_WARN_OBJC_ROOT_CLASS = YES_ERROR;
				CLANG_WARN_QUOTED_INCLUDE_IN_FRAMEWORK_HEADER = YES;
				CLANG_WARN_RANGE_LOOP_ANALYSIS = YES;
				CLANG_WARN_STRICT_PROTOTYPES = YES;
				CLANG_WARN_SUSPICIOUS_MOVE = YES;
				CLANG_WARN_UNGUARDED_AVAILABILITY = YES_AGGRESSIVE;
				CLANG_WARN_UNREACHABLE_CODE = YES;
				CLANG_WARN__DUPLICATE_METHOD_MATCH = YES;
				COPY_PHASE_STRIP = NO;
				DEBUG_INFORMATION_FORMAT = "dwarf-with-dsym";
				ENABLE_NS_ASSERTIONS = NO;
				ENABLE_STRICT_OBJC_MSGSEND = YES;
				ENABLE_USER_SCRIPT_SANDBOXING = YES;
				GCC_C_LANGUAGE_STANDARD = gnu17;
				GCC_NO_COMMON_BLOCKS = YES;
				GCC_WARN_64_TO_32_BIT_CONVERSION = YES;
				GCC_WARN_ABOUT_RETURN_TYPE = YES_ERROR;
				GCC_WARN_UNDECLARED_SELECTOR = YES;
				GCC_WARN_UNINITIALIZED_AUTOS = YES_AGGRESSIVE;
				GCC_WARN_UNUSED_FUNCTION = YES;
				GCC_WARN_UNUSED_VARIABLE = YES;
				IPHONEOS_DEPLOYMENT_TARGET = 17.5;
				LOCALIZATION_PREFERS_STRING_CATALOGS = YES;
				MTL_ENABLE_DEBUG_INFO = NO;
				MTL_FAST_MATH = YES;
				SDKROOT = iphoneos;
				SWIFT_COMPILATION_MODE = wholemodule;
				VALIDATE_PRODUCT = YES;
			};
			name = Release;
		};
		551514A22C88B2D7008D4F87 /* Debug */ = {
			isa = XCBuildConfiguration;
			buildSettings = {
				ASSETCATALOG_COMPILER_APPICON_NAME = AppIcon;
				ASSETCATALOG_COMPILER_GLOBAL_ACCENT_COLOR_NAME = AccentColor;
				CODE_SIGN_STYLE = Automatic;
				CURRENT_PROJECT_VERSION = 1;
				DEVELOPMENT_TEAM = A292G46VPA;
				GENERATE_INFOPLIST_FILE = YES;
				INFOPLIST_FILE = ImageFeed/Info.plist;
				INFOPLIST_KEY_UIApplicationSupportsIndirectInputEvents = YES;
				INFOPLIST_KEY_UILaunchStoryboardName = LaunchScreen;
				INFOPLIST_KEY_UIMainStoryboardFile = Main;
				INFOPLIST_KEY_UISupportedInterfaceOrientations = UIInterfaceOrientationPortrait;
				IPHONEOS_DEPLOYMENT_TARGET = 13.0;
				LD_RUNPATH_SEARCH_PATHS = (
					"$(inherited)",
					"@executable_path/Frameworks",
				);
				MARKETING_VERSION = 1.0;
				PRODUCT_BUNDLE_IDENTIFIER = com.EvdAnastasia.ImageFeed;
				PRODUCT_NAME = "$(TARGET_NAME)";
				SUPPORTED_PLATFORMS = "iphoneos iphonesimulator";
				SUPPORTS_MACCATALYST = NO;
				SUPPORTS_MAC_DESIGNED_FOR_IPHONE_IPAD = NO;
				SUPPORTS_XR_DESIGNED_FOR_IPHONE_IPAD = NO;
				SWIFT_EMIT_LOC_STRINGS = YES;
				SWIFT_VERSION = 5.0;
				TARGETED_DEVICE_FAMILY = 1;
			};
			name = Debug;
		};
		551514A32C88B2D7008D4F87 /* Release */ = {
			isa = XCBuildConfiguration;
			buildSettings = {
				ASSETCATALOG_COMPILER_APPICON_NAME = AppIcon;
				ASSETCATALOG_COMPILER_GLOBAL_ACCENT_COLOR_NAME = AccentColor;
				CODE_SIGN_STYLE = Automatic;
				CURRENT_PROJECT_VERSION = 1;
				DEVELOPMENT_TEAM = A292G46VPA;
				GENERATE_INFOPLIST_FILE = YES;
				INFOPLIST_FILE = ImageFeed/Info.plist;
				INFOPLIST_KEY_UIApplicationSupportsIndirectInputEvents = YES;
				INFOPLIST_KEY_UILaunchStoryboardName = LaunchScreen;
				INFOPLIST_KEY_UIMainStoryboardFile = Main;
				INFOPLIST_KEY_UISupportedInterfaceOrientations = UIInterfaceOrientationPortrait;
				IPHONEOS_DEPLOYMENT_TARGET = 13.0;
				LD_RUNPATH_SEARCH_PATHS = (
					"$(inherited)",
					"@executable_path/Frameworks",
				);
				MARKETING_VERSION = 1.0;
				PRODUCT_BUNDLE_IDENTIFIER = com.EvdAnastasia.ImageFeed;
				PRODUCT_NAME = "$(TARGET_NAME)";
				SUPPORTED_PLATFORMS = "iphoneos iphonesimulator";
				SUPPORTS_MACCATALYST = NO;
				SUPPORTS_MAC_DESIGNED_FOR_IPHONE_IPAD = NO;
				SUPPORTS_XR_DESIGNED_FOR_IPHONE_IPAD = NO;
				SWIFT_EMIT_LOC_STRINGS = YES;
				SWIFT_VERSION = 5.0;
				TARGETED_DEVICE_FAMILY = 1;
			};
			name = Release;
		};
/* End XCBuildConfiguration section */

/* Begin XCConfigurationList section */
		551514882C88B2D5008D4F87 /* Build configuration list for PBXProject "ImageFeed" */ = {
			isa = XCConfigurationList;
			buildConfigurations = (
				5515149F2C88B2D7008D4F87 /* Debug */,
				551514A02C88B2D7008D4F87 /* Release */,
			);
			defaultConfigurationIsVisible = 0;
			defaultConfigurationName = Release;
		};
		551514A12C88B2D7008D4F87 /* Build configuration list for PBXNativeTarget "ImageFeed" */ = {
			isa = XCConfigurationList;
			buildConfigurations = (
				551514A22C88B2D7008D4F87 /* Debug */,
				551514A32C88B2D7008D4F87 /* Release */,
			);
			defaultConfigurationIsVisible = 0;
			defaultConfigurationName = Release;
		};
/* End XCConfigurationList section */

/* Begin XCRemoteSwiftPackageReference section */
		550FD8F52CCD133600D1987B /* XCRemoteSwiftPackageReference "ProgressHUD" */ = {
			isa = XCRemoteSwiftPackageReference;
			repositoryURL = "https://github.com/relatedcode/ProgressHUD";
			requirement = {
				kind = exactVersion;
				version = 14.1.3;
			};
		};
		55A121BC2CDA597600F2000A /* XCRemoteSwiftPackageReference "Kingfisher" */ = {
			isa = XCRemoteSwiftPackageReference;
			repositoryURL = "https://github.com/onevcat/Kingfisher";
			requirement = {
				kind = exactVersion;
				version = 8.1.0;
			};
		};
		55A121CB2CDBC45A00F2000A /* XCRemoteSwiftPackageReference "SwiftKeychainWrapper" */ = {
			isa = XCRemoteSwiftPackageReference;
			repositoryURL = "https://github.com/jrendel/SwiftKeychainWrapper";
			requirement = {
				kind = exactVersion;
				version = 4.0.1;
			};
		};
/* End XCRemoteSwiftPackageReference section */

/* Begin XCSwiftPackageProductDependency section */
		550FD8F62CCD133600D1987B /* ProgressHUD */ = {
			isa = XCSwiftPackageProductDependency;
			package = 550FD8F52CCD133600D1987B /* XCRemoteSwiftPackageReference "ProgressHUD" */;
			productName = ProgressHUD;
		};
		55A121BD2CDA597700F2000A /* Kingfisher */ = {
			isa = XCSwiftPackageProductDependency;
			package = 55A121BC2CDA597600F2000A /* XCRemoteSwiftPackageReference "Kingfisher" */;
			productName = Kingfisher;
		};
		55A121CC2CDBC45A00F2000A /* SwiftKeychainWrapper */ = {
			isa = XCSwiftPackageProductDependency;
			package = 55A121CB2CDBC45A00F2000A /* XCRemoteSwiftPackageReference "SwiftKeychainWrapper" */;
			productName = SwiftKeychainWrapper;
		};
/* End XCSwiftPackageProductDependency section */
	};
	rootObject = 551514852C88B2D5008D4F87 /* Project object */;
}
